
Microsoft Visual Studio Solution File, Format Version 12.00
# Visual Studio Version 17
VisualStudioVersion = 17.9.34622.214
MinimumVisualStudioVersion = 10.0.40219.1
Project("{FAE04EC0-301F-11D3-BF4B-00C04F79EFBC}") = "API-Task", "API-Task\API-Task.csproj", "{D366355F-8394-4733-8478-C5EA2417233C}"
EndProject
Global
	GlobalSection(SolutionConfigurationPlatforms) = preSolution
		Debug|Any CPU = Debug|Any CPU
		Release|Any CPU = Release|Any CPU
	EndGlobalSection
	GlobalSection(ProjectConfigurationPlatforms) = postSolution
		{D366355F-8394-4733-8478-C5EA2417233C}.Debug|Any CPU.ActiveCfg = Debug|Any CPU
		{D366355F-8394-4733-8478-C5EA2417233C}.Debug|Any CPU.Build.0 = Debug|Any CPU
		{D366355F-8394-4733-8478-C5EA2417233C}.Release|Any CPU.ActiveCfg = Release|Any CPU
		{D366355F-8394-4733-8478-C5EA2417233C}.Release|Any CPU.Build.0 = Release|Any CPU
	EndGlobalSection
	GlobalSection(SolutionProperties) = preSolution
		HideSolutionNode = FALSE
	EndGlobalSection
	GlobalSection(ExtensibilityGlobals) = postSolution
		SolutionGuid = {B86CB8D8-AECB-4A7D-AF4F-B92D67EB899D}
	EndGlobalSection
EndGlobal
